
Microsoft Visual Studio Solution File, Format Version 12.00
# Visual Studio Version 16
VisualStudioVersion = 16.0.29609.76
MinimumVisualStudioVersion = 10.0.40219.1
Project("{FAE04EC0-301F-11D3-BF4B-00C04F79EFBC}") = "TestMobileApp.Android", "TestMobileApp\TestMobileApp.Android\TestMobileApp.Android.csproj", "{7342A04F-DB59-439F-BF11-0FA14CB8C252}"
EndProject
Project("{FAE04EC0-301F-11D3-BF4B-00C04F79EFBC}") = "TestMobileApp", "TestMobileApp\TestMobileApp\TestMobileApp.csproj", "{9AC54C1F-4694-45CA-9C18-0437585DC5B5}"
EndProject
Global
	GlobalSection(SolutionConfigurationPlatforms) = preSolution
		Debug|Any CPU = Debug|Any CPU
		Release|Any CPU = Release|Any CPU
	EndGlobalSection
	GlobalSection(ProjectConfigurationPlatforms) = postSolution
		{7342A04F-DB59-439F-BF11-0FA14CB8C252}.Debug|Any CPU.ActiveCfg = Debug|Any CPU
		{7342A04F-DB59-439F-BF11-0FA14CB8C252}.Debug|Any CPU.Build.0 = Debug|Any CPU
		{7342A04F-DB59-439F-BF11-0FA14CB8C252}.Debug|Any CPU.Deploy.0 = Debug|Any CPU
		{7342A04F-DB59-439F-BF11-0FA14CB8C252}.Release|Any CPU.ActiveCfg = Release|Any CPU
		{7342A04F-DB59-439F-BF11-0FA14CB8C252}.Release|Any CPU.Build.0 = Release|Any CPU
		{7342A04F-DB59-439F-BF11-0FA14CB8C252}.Release|Any CPU.Deploy.0 = Release|Any CPU
		{9AC54C1F-4694-45CA-9C18-0437585DC5B5}.Debug|Any CPU.ActiveCfg = Debug|Any CPU
		{9AC54C1F-4694-45CA-9C18-0437585DC5B5}.Debug|Any CPU.Build.0 = Debug|Any CPU
		{9AC54C1F-4694-45CA-9C18-0437585DC5B5}.Debug|Any CPU.Deploy.0 = Debug|Any CPU
		{9AC54C1F-4694-45CA-9C18-0437585DC5B5}.Release|Any CPU.ActiveCfg = Release|Any CPU
		{9AC54C1F-4694-45CA-9C18-0437585DC5B5}.Release|Any CPU.Build.0 = Release|Any CPU
		{9AC54C1F-4694-45CA-9C18-0437585DC5B5}.Release|Any CPU.Deploy.0 = Release|Any CPU
	EndGlobalSection
	GlobalSection(SolutionProperties) = preSolution
		HideSolutionNode = FALSE
	EndGlobalSection
	GlobalSection(ExtensibilityGlobals) = postSolution
		SolutionGuid = {D1258C24-4B3D-416B-85C7-12090254A0BB}
	EndGlobalSection
EndGlobal
